b0t4TGhNMWE3K1ZUWmpGUDZBRzVEVlVTL1FmdUxLOFAyalo2L01sdlZickxZb2dBNzhWNi81S01Pblk3SEtFZFhVSmNtNTcwK29GNldScWN5L1hnUEJENkJzSVdOOGk4OWdOQ3pGQ3I0ZzhtTzM2YWkxMk9QemtlWmJWanpCamRBTWNiejdaeVdaQTFDU1JaSFlEdUpheUE5RXNkb2JoeVhLeTRCUFI5d0Y2RFpLTEIzRmpqUC8zZGYxYVZON1BaeDBiN295cEtIMlF1MWVTbkJLbUpJRURGMndCclNGTWhmU0pUeDgrSE15K3lnNHJqOVVSL2EvcW9QOVk5WHphOA==:2b8be87e354f75842a15679457a210494234e5f4c2888243a4cc1feaa28bdec8